
Microsoft Visual Studio Solution File, Format Version 12.00
# Visual Studio 15
VisualStudioVersion = 15.0.27428.2015
MinimumVisualStudioVersion = 10.0.40219.1
Project("{9A19103F-16F7-4668-BE54-9A1E7A4F7556}") = "VisaParser", "VisaParser\VisaParser.csproj", "{2AE9A840-A3C6-47E0-8DFF-9BAA25B550CB}"
EndProject
Project("{E53339B2-1760-4266-BCC7-CA923CBCF16C}") = "docker-compose", "docker-compose.dcproj", "{111210BD-D8A3-4BA3-B9E9-F417F6D53976}"
EndProject
Global
	GlobalSection(SolutionConfigurationPlatforms) = preSolution
		Debug|Any CPU = Debug|Any CPU
		Release|Any CPU = Release|Any CPU
	EndGlobalSection
	GlobalSection(ProjectConfigurationPlatforms) = postSolution
		{2AE9A840-A3C6-47E0-8DFF-9BAA25B550CB}.Debug|Any CPU.ActiveCfg = Debug|Any CPU
		{2AE9A840-A3C6-47E0-8DFF-9BAA25B550CB}.Debug|Any CPU.Build.0 = Debug|Any CPU
		{2AE9A840-A3C6-47E0-8DFF-9BAA25B550CB}.Release|Any CPU.ActiveCfg = Release|Any CPU
		{2AE9A840-A3C6-47E0-8DFF-9BAA25B550CB}.Release|Any CPU.Build.0 = Release|Any CPU
		{111210BD-D8A3-4BA3-B9E9-F417F6D53976}.Debug|Any CPU.ActiveCfg = Debug|Any CPU
		{111210BD-D8A3-4BA3-B9E9-F417F6D53976}.Debug|Any CPU.Build.0 = Debug|Any CPU
		{111210BD-D8A3-4BA3-B9E9-F417F6D53976}.Release|Any CPU.ActiveCfg = Release|Any CPU
		{111210BD-D8A3-4BA3-B9E9-F417F6D53976}.Release|Any CPU.Build.0 = Release|Any CPU
	EndGlobalSection
	GlobalSection(SolutionProperties) = preSolution
		HideSolutionNode = FALSE
	EndGlobalSection
	GlobalSection(ExtensibilityGlobals) = postSolution
		SolutionGuid = {814AA245-82AE-4425-9758-1771F8114E6C}
	EndGlobalSection
EndGlobal
